{
  "name": "kiwi-compat-02a-sdk-probe",
  "lockfileVersion": 3,
  "requires": true,
  "packages": {
    "": {
      "name": "kiwi-compat-02a-sdk-probe",
      "dependencies": {
        "oc62": "npm:@ai-sdk/openai-compatible@2.0.62",
        "oc72": "npm:@ai-sdk/openai-compatible@2.0.72"
      }
    },
    "node_modules/@ai-sdk/provider": {
      "version": "3.0.14",
      "resolved": "https://registry.npmjs.org/@ai-sdk/provider/-/provider-3.0.14.tgz",
      "integrity": "sha512-5X1k57JBJ4H7H1QjX7CnJYAB1I19r/trVZTMcSms7/kLNZ8RaU4Nt2agcwZzv82Hfx6Q7/TOLU7agAKeFfc8cA==",
      "license": "Apache-2.0",
      "dependencies": {
        "json-schema": "^0.4.0"
      },
      "engines": {
        "node": ">=18"
      }
    },
    "node_modules/@ai-sdk/provider-utils": {
      "version": "4.0.40",
      "resolved": "https://registry.npmjs.org/@ai-sdk/provider-utils/-/provider-utils-4.0.40.tgz",
      "integrity": "sha512-OL5IrpUm9Y8Dwy+w/vvFwPotS6m52O9W0op2oXgXdCROMJIBalBI0oro6OIBYkPxvm5Xg02GSkoQN25RlR0bnw==",
      "license": "Apache-2.0",
      "dependencies": {
        "@ai-sdk/provider": "3.0.14",
        "@standard-schema/spec": "^1.1.0",
        "eventsource-parser": "^3.0.8"
      },
      "engines": {
        "node": ">=18"
      },
      "peerDependencies": {
        "zod": "^3.25.76 || ^4.1.8"
      }
    },
    "node_modules/@standard-schema/spec": {
      "version": "1.1.0",
      "resolved": "https://registry.npmjs.org/@standard-schema/spec/-/spec-1.1.0.tgz",
      "integrity": "sha512-l2aFy5jALhniG5HgqrD6jXLi/rUWrKvqN/qJx6yoJsgKhblVd+iqqU4RCXavm/jPityDo5TCvKMnpjKnOriy0w==",
      "license": "MIT"
    },
    "node_modules/eventsource-parser": {
      "version": "3.1.1",
      "resolved": "https://registry.npmjs.org/eventsource-parser/-/eventsource-parser-3.1.1.tgz",
      "integrity": "sha512-EKN1vKAMcZ8MlYMpaNuxN6R9yakzH6uajHcHVTqWJzvu5pWw9DyhbP35HH8MVBQ+dZjAfDxk+A8NiR9KWaXiyQ==",
      "license": "MIT",
      "engines": {
        "node": ">=18.0.0"
      }
    },
    "node_modules/json-schema": {
      "version": "0.4.0",
      "resolved": "https://registry.npmjs.org/json-schema/-/json-schema-0.4.0.tgz",
      "integrity": "sha512-es94M3nTIfsEPisRafak+HDLfHXnKBhV3vU5eqPcS3flIWqcxJWgXHXiey3YrpaNsanY5ei1VoYEbOzijuq9BA==",
      "license": "(AFL-2.1 OR BSD-3-Clause)"
    },
    "node_modules/oc62": {
      "name": "@ai-sdk/openai-compatible",
      "version": "2.0.62",
      "resolved": "https://registry.npmjs.org/@ai-sdk/openai-compatible/-/openai-compatible-2.0.62.tgz",
      "integrity": "sha512-lRe54zvyIS1a60N8UVhnwKZRI5I+GSV8uhKkPpId+aiKO7z7UgSbNqFmXkBBMD3yc9UrLnQnATV2EQyXNhzEkA==",
      "license": "Apache-2.0",
      "dependencies": {
        "@ai-sdk/provider": "3.0.14",
        "@ai-sdk/provider-utils": "4.0.40"
      },
      "engines": {
        "node": ">=18"
      },
      "peerDependencies": {
        "zod": "^3.25.76 || ^4.1.8"
      }
    },
    "node_modules/oc72": {
      "name": "@ai-sdk/openai-compatible",
      "version": "2.0.72",
      "resolved": "https://registry.npmjs.org/@ai-sdk/openai-compatible/-/openai-compatible-2.0.72.tgz",
      "integrity": "sha512-2/AI+gfIrQqYEYI8u2h7WXyrXA64LEF1oidL5nKDqde+6l5PPO8Z7iNFYTiCJ+e6wKkRnaW5ur54Kay1Rtkt6Q==",
      "license": "Apache-2.0",
      "dependencies": {
        "@ai-sdk/provider": "3.0.15",
        "@ai-sdk/provider-utils": "4.0.48"
      },
      "engines": {
        "node": ">=18"
      },
      "peerDependencies": {
        "zod": "^3.25.76 || ^4.1.8"
      }
    },
    "node_modules/oc72/node_modules/@ai-sdk/provider": {
      "version": "3.0.15",
      "resolved": "https://registry.npmjs.org/@ai-sdk/provider/-/provider-3.0.15.tgz",
      "integrity": "sha512-XeZW1CcDF2GMbH4wejW6xBRI2QCOgnkVYUnxoeDadB1mf85riL2bMUeDoh+6gJ/r4mjNfzUPW8OjLjvwTP0u1Q==",
      "license": "Apache-2.0",
      "dependencies": {
        "json-schema": "^0.4.0"
      },
      "engines": {
        "node": ">=18"
      }
    },
    "node_modules/oc72/node_modules/@ai-sdk/provider-utils": {
      "version": "4.0.48",
      "resolved": "https://registry.npmjs.org/@ai-sdk/provider-utils/-/provider-utils-4.0.48.tgz",
      "integrity": "sha512-l3LqNFx3hgIqaCNHKbZgWPhKMw8xxOjsNhElzeawWe1Gsjozu2EA4NJUMoKi7sUsNQjn1cw0DPs/zR519oHRXQ==",
      "license": "Apache-2.0",
      "dependencies": {
        "@ai-sdk/provider": "3.0.15",
        "@standard-schema/spec": "^1.1.0",
        "eventsource-parser": "^3.0.8",
        "undici": "^6.28.0"
      },
      "engines": {
        "node": ">=18.17"
      },
      "peerDependencies": {
        "zod": "^3.25.76 || ^4.1.8"
      }
    },
    "node_modules/undici": {
      "version": "6.29.0",
      "resolved": "https://registry.npmjs.org/undici/-/undici-6.29.0.tgz",
      "integrity": "sha512-R+RODBqp6i2pPflGdq+xIOUkl+RNfGgHwoinecKu/JCuf2uO06cOKoDbI2P7Dn6KcswdKwrczbU6IYJ6K8X+wg==",
      "license": "MIT",
      "engines": {
        "node": ">=18.17"
      }
    },
    "node_modules/zod": {
      "version": "4.6.5",
      "resolved": "https://registry.npmjs.org/zod/-/zod-4.6.5.tgz",
      "integrity": "sha512-v5l/aFXZQeai4awLbOpSoHecE9UiMrnfx75tEXLjNonXVARxQ5mOeipTjROUchszUNCqnE+hqAMujRsRHsut2Q==",
      "license": "MIT",
      "peer": true,
      "funding": {
        "url": "https://github.com/sponsors/colinhacks"
      }
    }
  }
}
